
Microsoft Visual Studio Solution File, Format Version 12.00
# Visual Studio 14
VisualStudioVersion = 14.0.25420.1
MinimumVisualStudioVersion = 10.0.40219.1
Project("{8BC9CEB8-8B4A-11D0-8D11-00A0C91BC942}") = "OpenGLTutorial", "OpenGLTutorial\OpenGLTutorial.vcxproj", "{8D7EDD1D-C018-4A0C-A05F-DF2B048AA62D}"
EndProject
Project("{8BC9CEB8-8B4A-11D0-8D11-00A0C91BC942}") = "OpenGLStart", "..\OpenGLStart\OpenGLStart\OpenGLStart.vcxproj", "{B1E1A014-C95A-42DB-A119-B5E6E4EFD1FF}"
EndProject
Global
	GlobalSection(SolutionConfigurationPlatforms) = preSolution
		Debug|x64 = Debug|x64
		Debug|x86 = Debug|x86
		Release|x64 = Release|x64
		Release|x86 = Release|x86
	EndGlobalSection
	GlobalSection(ProjectConfigurationPlatforms) = postSolution
		{8D7EDD1D-C018-4A0C-A05F-DF2B048AA62D}.Debug|x64.ActiveCfg = Debug|x64
		{8D7EDD1D-C018-4A0C-A05F-DF2B048AA62D}.Debug|x64.Build.0 = Debug|x64
		{8D7EDD1D-C018-4A0C-A05F-DF2B048AA62D}.Debug|x86.ActiveCfg = Debug|Win32
		{8D7EDD1D-C018-4A0C-A05F-DF2B048AA62D}.Debug|x86.Build.0 = Debug|Win32
		{8D7EDD1D-C018-4A0C-A05F-DF2B048AA62D}.Release|x64.ActiveCfg = Release|x64
		{8D7EDD1D-C018-4A0C-A05F-DF2B048AA62D}.Release|x64.Build.0 = Release|x64
		{8D7EDD1D-C018-4A0C-A05F-DF2B048AA62D}.Release|x86.ActiveCfg = Release|Win32
		{8D7EDD1D-C018-4A0C-A05F-DF2B048AA62D}.Release|x86.Build.0 = Release|Win32
		{B1E1A014-C95A-42DB-A119-B5E6E4EFD1FF}.Debug|x64.ActiveCfg = Debug|x64
		{B1E1A014-C95A-42DB-A119-B5E6E4EFD1FF}.Debug|x64.Build.0 = Debug|x64
		{B1E1A014-C95A-42DB-A119-B5E6E4EFD1FF}.Debug|x86.ActiveCfg = Debug|Win32
		{B1E1A014-C95A-42DB-A119-B5E6E4EFD1FF}.Debug|x86.Build.0 = Debug|Win32
		{B1E1A014-C95A-42DB-A119-B5E6E4EFD1FF}.Release|x64.ActiveCfg = Release|x64
		{B1E1A014-C95A-42DB-A119-B5E6E4EFD1FF}.Release|x64.Build.0 = Release|x64
		{B1E1A014-C95A-42DB-A119-B5E6E4EFD1FF}.Release|x86.ActiveCfg = Release|Win32
		{B1E1A014-C95A-42DB-A119-B5E6E4EFD1FF}.Release|x86.Build.0 = Release|Win32
	EndGlobalSection
	GlobalSection(SolutionProperties) = preSolution
		HideSolutionNode = FALSE
	EndGlobalSection
EndGlobal
